# THIS IS AN AUTOGENERATED FILE. DO NOT EDIT THIS FILE DIRECTLY.
# yarn lockfile v1


"@amplitude/identify@^1.10.0":
  version "1.10.0"
  resolved "https://registry.yarnpkg.com/@amplitude/identify/-/identify-1.10.0.tgz#d62b8b6785c29350c368810475a6fc7b04985210"
  integrity sha512-BshMDcZX9qO4mgGBR45HmiHxfcPCDY/eBOE/MTUZBW+y9+N61aKmNY3YJsAUfRPzieDiyfqs8rNm7quVkaNzJQ==
  dependencies:
    "@amplitude/types" "^1.10.0"
    "@amplitude/utils" "^1.10.0"
    tslib "^1.9.3"

"@amplitude/node@^1.6.1":
  version "1.10.0"
  resolved "https://registry.yarnpkg.com/@amplitude/node/-/node-1.10.0.tgz#33f84ddf82b31471fce53e6fa60b688d4bc62ee4"
  integrity sha512-Jh8w1UpxhonWe0kCALVvqiBE3vo5NYmbNZbZrrI9Lfa/1HbGboZlGdg0I7/WtihbZvEjpfcfTOf8OkmtZh6vsQ==
  dependencies:
    "@amplitude/identify" "^1.10.0"
    "@amplitude/types" "^1.10.0"
    "@amplitude/utils" "^1.10.0"
    tslib "^1.9.3"

"@amplitude/types@^1.10.0":
  version "1.10.0"
  resolved "https://registry.yarnpkg.com/@amplitude/types/-/types-1.10.0.tgz#dfaf7cc25f533a1e2b0ef0ad675371b396733c0f"
  integrity sha512-xN0gnhutztv6kqHaZ2bre18anQV5GDmMXOeipTvI670g2VjNbPfOzMwu1LN4p1NadYq+GqYI223UcZrXR+R4Pw==

"@amplitude/utils@^1.10.0":
  version "1.10.0"
  resolved "https://registry.yarnpkg.com/@amplitude/utils/-/utils-1.10.0.tgz#138b0ba4e5755540a9e4abf426b7a25d045418a9"
  integrity sha512-/R8j8IzFH0GYfA6ehQDm5IEzt71gIeMdiYYFIzZp6grERQlgJcwNJMAiza0o2JwwTDIruzqdB3c/vLVjuakp+w==
  dependencies:
    "@amplitude/types" "^1.10.0"
    tslib "^1.9.3"

"@protobufjs/aspromise@^1.1.1", "@protobufjs/aspromise@^1.1.2":
  version "1.1.2"
  resolved "https://registry.yarnpkg.com/@protobufjs/aspromise/-/aspromise-1.1.2.tgz#9b8b0cc663d669a7d8f6f5d0893a14d348f30fbf"
  integrity sha512-j+gKExEuLmKwvz3OgROXtrJ2UG2x8Ch2YZUxahh+s1F2HZ+wAceUNLkvy6zKCPVRkU++ZWQrdxsUeQXmcg4uoQ==

"@protobufjs/base64@^1.1.2":
  version "1.1.2"
  resolved "https://registry.yarnpkg.com/@protobufjs/base64/-/base64-1.1.2.tgz#4c85730e59b9a1f1f349047dbf24296034bb2735"
  integrity sha512-AZkcAA5vnN/v4PDqKyMR5lx7hZttPDgClv83E//FMNhR2TMcLUhfRUBHCmSl0oi9zMgDDqRUJkSxO3wm85+XLg==

"@protobufjs/codegen@^2.0.4":
  version "2.0.4"
  resolved "https://registry.yarnpkg.com/@protobufjs/codegen/-/codegen-2.0.4.tgz#7ef37f0d010fb028ad1ad59722e506d9262815cb"
  integrity sha512-YyFaikqM5sH0ziFZCN3xDC7zeGaB/d0IUb9CATugHWbd1FRFwWwt4ld4OYMPWu5a3Xe01mGAULCdqhMlPl29Jg==

"@protobufjs/eventemitter@^1.1.0":
  version "1.1.0"
  resolved "https://registry.yarnpkg.com/@protobufjs/eventemitter/-/eventemitter-1.1.0.tgz#355cbc98bafad5978f9ed095f397621f1d066b70"
  integrity sha512-j9ednRT81vYJ9OfVuXG6ERSTdEL1xVsNgqpkxMsbIabzSo3goCjDIveeGv5d03om39ML71RdmrGNjG5SReBP/Q==

"@protobufjs/fetch@^1.1.0":
  version "1.1.0"
  resolved "https://registry.yarnpkg.com/@protobufjs/fetch/-/fetch-1.1.0.tgz#ba99fb598614af65700c1619ff06d454b0d84c45"
  integrity sha512-lljVXpqXebpsijW71PZaCYeIcE5on1w5DlQy5WH6GLbFryLUrBD4932W/E2BSpfRJWseIL4v/KPgBFxDOIdKpQ==
  dependencies:
    "@protobufjs/aspromise" "^1.1.1"
    "@protobufjs/inquire" "^1.1.0"

"@protobufjs/float@^1.0.2":
  version "1.0.2"
  resolved "https://registry.yarnpkg.com/@protobufjs/float/-/float-1.0.2.tgz#5e9e1abdcb73fc0a7cb8b291df78c8cbd97b87d1"
  integrity sha512-Ddb+kVXlXst9d+R9PfTIxh1EdNkgoRe5tOX6t01f1lYWOvJnSPDBlG241QLzcyPdoNTsblLUdujGSE4RzrTZGQ==

"@protobufjs/inquire@^1.1.0":
  version "1.1.0"
  resolved "https://registry.yarnpkg.com/@protobufjs/inquire/-/inquire-1.1.0.tgz#ff200e3e7cf2429e2dcafc1140828e8cc638f089"
  integrity sha512-kdSefcPdruJiFMVSbn801t4vFK7KB/5gd2fYvrxhuJYg8ILrmn9SKSX2tZdV6V+ksulWqS7aXjBcRXl3wHoD9Q==

"@protobufjs/path@^1.1.2":
  version "1.1.2"
  resolved "https://registry.yarnpkg.com/@protobufjs/path/-/path-1.1.2.tgz#6cc2b20c5c9ad6ad0dccfd21ca7673d8d7fbf68d"
  integrity sha512-6JOcJ5Tm08dOHAbdR3GrvP+yUUfkjG5ePsHYczMFLq3ZmMkAD98cDgcT2iA1lJ9NVwFd4tH/iSSoe44YWkltEA==

"@protobufjs/pool@^1.1.0":
  version "1.1.0"
  resolved "https://registry.yarnpkg.com/@protobufjs/pool/-/pool-1.1.0.tgz#09fd15f2d6d3abfa9b65bc366506d6ad7846ff54"
  integrity sha512-0kELaGSIDBKvcgS4zkjz1PeddatrjYcmMWOlAuAPwAeccUrPHdUqo/J6LiymHHEiJT5NrF1UVwxY14f+fy4WQw==

"@protobufjs/utf8@^1.1.0":
  version "1.1.0"
  resolved "https://registry.yarnpkg.com/@protobufjs/utf8/-/utf8-1.1.0.tgz#a777360b5b39a1a2e5106f8e858f2fd2d060c570"
  integrity sha512-Vvn3zZrhQZkkBE8LSuW3em98c0FwgO4nxzv6OdSxPKJIEKY2bGbHn+mhGIPerzI4twdxaP8/0+06HBpwf345Lw==

"@sentry/core@6.19.7":
  version "6.19.7"
  resolved "https://registry.yarnpkg.com/@sentry/core/-/core-6.19.7.tgz#156aaa56dd7fad8c89c145be6ad7a4f7209f9785"
  integrity sha512-tOfZ/umqB2AcHPGbIrsFLcvApdTm9ggpi/kQZFkej7kMphjT+SGBiQfYtjyg9jcRW+ilAR4JXC9BGKsdEQ+8Vw==
  dependencies:
    "@sentry/hub" "6.19.7"
    "@sentry/minimal" "6.19.7"
    "@sentry/types" "6.19.7"
    "@sentry/utils" "6.19.7"
    tslib "^1.9.3"

"@sentry/hub@6.19.7":
  version "6.19.7"
  resolved "https://registry.yarnpkg.com/@sentry/hub/-/hub-6.19.7.tgz#58ad7776bbd31e9596a8ec46365b45cd8b9cfd11"
  integrity sha512-y3OtbYFAqKHCWezF0EGGr5lcyI2KbaXW2Ik7Xp8Mu9TxbSTuwTe4rTntwg8ngPjUQU3SUHzgjqVB8qjiGqFXCA==
  dependencies:
    "@sentry/types" "6.19.7"
    "@sentry/utils" "6.19.7"
    tslib "^1.9.3"

"@sentry/minimal@6.19.7":
  version "6.19.7"
  resolved "https://registry.yarnpkg.com/@sentry/minimal/-/minimal-6.19.7.tgz#b3ee46d6abef9ef3dd4837ebcb6bdfd01b9aa7b4"
  integrity sha512-wcYmSJOdvk6VAPx8IcmZgN08XTXRwRtB1aOLZm+MVHjIZIhHoBGZJYTVQS/BWjldsamj2cX3YGbGXNunaCfYJQ==
  dependencies:
    "@sentry/hub" "6.19.7"
    "@sentry/types" "6.19.7"
    tslib "^1.9.3"

"@sentry/node@^6.6.0":
  version "6.19.7"
  resolved "https://registry.yarnpkg.com/@sentry/node/-/node-6.19.7.tgz#32963b36b48daebbd559e6f13b1deb2415448592"
  integrity sha512-gtmRC4dAXKODMpHXKfrkfvyBL3cI8y64vEi3fDD046uqYcrWdgoQsffuBbxMAizc6Ez1ia+f0Flue6p15Qaltg==
  dependencies:
    "@sentry/core" "6.19.7"
    "@sentry/hub" "6.19.7"
    "@sentry/types" "6.19.7"
    "@sentry/utils" "6.19.7"
    cookie "^0.4.1"
    https-proxy-agent "^5.0.0"
    lru_map "^0.3.3"
    tslib "^1.9.3"

"@sentry/tracing@^6.6.0":
  version "6.19.7"
  resolved "https://registry.yarnpkg.com/@sentry/tracing/-/tracing-6.19.7.tgz#54bb99ed5705931cd33caf71da347af769f02a4c"
  integrity sha512-ol4TupNnv9Zd+bZei7B6Ygnr9N3Gp1PUrNI761QSlHtPC25xXC5ssSD3GMhBgyQrcvpuRcCFHVNNM97tN5cZiA==
  dependencies:
    "@sentry/hub" "6.19.7"
    "@sentry/minimal" "6.19.7"
    "@sentry/types" "6.19.7"
    "@sentry/utils" "6.19.7"
    tslib "^1.9.3"

"@sentry/types@6.19.7":
  version "6.19.7"
  resolved "https://registry.yarnpkg.com/@sentry/types/-/types-6.19.7.tgz#c6b337912e588083fc2896eb012526cf7cfec7c7"
  integrity sha512-jH84pDYE+hHIbVnab3Hr+ZXr1v8QABfhx39KknxqKWr2l0oEItzepV0URvbEhB446lk/S/59230dlUUIBGsXbg==

"@sentry/utils@6.19.7":
  version "6.19.7"
  resolved "https://registry.yarnpkg.com/@sentry/utils/-/utils-6.19.7.tgz#6edd739f8185fd71afe49cbe351c1bbf5e7b7c79"
  integrity sha512-z95ECmE3i9pbWoXQrD/7PgkBAzJYR+iXtPuTkpBjDKs86O3mT+PXOT3BAn79w2wkn7/i3vOGD2xVr1uiMl26dA==
  dependencies:
    "@sentry/types" "6.19.7"
    tslib "^1.9.3"

"@types/long@^4.0.1":
  version "4.0.2"
  resolved "https://registry.yarnpkg.com/@types/long/-/long-4.0.2.tgz#b74129719fc8d11c01868010082d483b7545591a"
  integrity sha512-MqTGEo5bj5t157U6fA/BiDynNkn0YknVdh48CMPkTSpFTVmvao5UQmm7uEF6xBEo7qIMAlY/JSleYaE6VOdpaA==

"@types/node@>=13.7.0":
  version "18.0.6"
  resolved "https://registry.yarnpkg.com/@types/node/-/node-18.0.6.tgz#0ba49ac517ad69abe7a1508bc9b3a5483df9d5d7"
  integrity sha512-/xUq6H2aQm261exT6iZTMifUySEt4GR5KX8eYyY+C4MSNPqSh9oNIP7tz2GLKTlFaiBbgZNxffoR3CVRG+cljw==

agent-base@6:
  version "6.0.2"
  resolved "https://registry.yarnpkg.com/agent-base/-/agent-base-6.0.2.tgz#49fff58577cfee3f37176feab4c22e00f86d7f77"
  integrity sha512-RZNwNclF7+MS/8bDg70amg32dyeZGZxiDuQmZxKLAlQjr3jGyLx+4Kkk58UO7D2QdgFIQCovuSuZESne6RG6XQ==
  dependencies:
    debug "4"

buffer-equal-constant-time@1.0.1:
  version "1.0.1"
  resolved "https://registry.yarnpkg.com/buffer-equal-constant-time/-/buffer-equal-constant-time-1.0.1.tgz#f8e71132f7ffe6e01a5c9697a4c6f3e48d5cc819"
  integrity sha512-zRpUiDwd/xk6ADqPMATG8vc9VPrkck7T07OIx0gnjmJAnHnTVXNQG3vfvWNuiZIkwu9KrKdA1iJKfsfTVxE6NA==

cookie@^0.4.1:
  version "0.4.2"
  resolved "https://registry.yarnpkg.com/cookie/-/cookie-0.4.2.tgz#0e41f24de5ecf317947c82fc789e06a884824432"
  integrity sha512-aSWTXFzaKWkvHO1Ny/s+ePFpvKsPnjc551iI41v3ny/ow6tBG5Vd+FuqGNhh1LxOmVzOlGUriIlOaokOvhaStA==

debug@4:
  version "4.3.4"
  resolved "https://registry.yarnpkg.com/debug/-/debug-4.3.4.tgz#1319f6579357f2338d3337d2cdd4914bb5dcc865"
  integrity sha512-PRWFHuSU3eDtQJPvnNY7Jcket1j0t5OuOsFzPPzsekD52Zl8qUfFIPEiswXqIvHWGVHOgX+7G/vCNNhehwxfkQ==
  dependencies:
    ms "2.1.2"

denque@^1.5.0:
  version "1.5.1"
  resolved "https://registry.yarnpkg.com/denque/-/denque-1.5.1.tgz#07f670e29c9a78f8faecb2566a1e2c11929c5cbf"
  integrity sha512-XwE+iZ4D6ZUB7mfYRMb5wByE8L74HCn30FBN7sWnXksWc1LO1bPDl67pBR9o/kC4z/xSNAwkMYcGgqDV3BE3Hw==

dotenv@^10.0.0:
  version "10.0.0"
  resolved "https://registry.yarnpkg.com/dotenv/-/dotenv-10.0.0.tgz#3d4227b8fb95f81096cdd2b66653fb2c7085ba81"
  integrity sha512-rlBi9d8jpv9Sf1klPjNfFAuWDjKLwTIJJ/VxtoTwIR6hnZxcEOQCZg2oIL3MWBYw5GpUDKOEnND7LXTbIpQ03Q==

ecdsa-sig-formatter@1.0.11:
  version "1.0.11"
  resolved "https://registry.yarnpkg.com/ecdsa-sig-formatter/-/ecdsa-sig-formatter-1.0.11.tgz#ae0f0fa2d85045ef14a817daa3ce9acd0489e5bf"
  integrity sha512-nagl3RYrbNv6kQkeJIpt6NJZy8twLB/2vtz6yN9Z4vRKHN4/QZJIEbqohALSgwKdnksuY3k5Addp5lg8sVoVcQ==
  dependencies:
    safe-buffer "^5.0.1"

https-proxy-agent@^5.0.0:
  version "5.0.1"
  resolved "https://registry.yarnpkg.com/https-proxy-agent/-/https-proxy-agent-5.0.1.tgz#c59ef224a04fe8b754f3db0063a25ea30d0005d6"
  integrity sha512-dFcAjpTQFgoLMzC2VwU+C/CbS7uRL0lWmxDITmqm7C+7F0Odmj6s9l6alZc6AELXhrnggM2CeWSXHGOdX2YtwA==
  dependencies:
    agent-base "6"
    debug "4"

jsonwebtoken@^8.5.1:
  version "8.5.1"
  resolved "https://registry.yarnpkg.com/jsonwebtoken/-/jsonwebtoken-8.5.1.tgz#00e71e0b8df54c2121a1f26137df2280673bcc0d"
  integrity sha512-XjwVfRS6jTMsqYs0EsuJ4LGxXV14zQybNd4L2r0UvbVnSF9Af8x7p5MzbJ90Ioz/9TI41/hTCvznF/loiSzn8w==
  dependencies:
    jws "^3.2.2"
    lodash.includes "^4.3.0"
    lodash.isboolean "^3.0.3"
    lodash.isinteger "^4.0.4"
    lodash.isnumber "^3.0.3"
    lodash.isplainobject "^4.0.6"
    lodash.isstring "^4.0.1"
    lodash.once "^4.0.0"
    ms "^2.1.1"
    semver "^5.6.0"

jwa@^1.4.1:
  version "1.4.1"
  resolved "https://registry.yarnpkg.com/jwa/-/jwa-1.4.1.tgz#743c32985cb9e98655530d53641b66c8645b039a"
  integrity sha512-qiLX/xhEEFKUAJ6FiBMbes3w9ATzyk5W7Hvzpa/SLYdxNtng+gcurvrI7TbACjIXlsJyr05/S1oUhZrc63evQA==
  dependencies:
    buffer-equal-constant-time "1.0.1"
    ecdsa-sig-formatter "1.0.11"
    safe-buffer "^5.0.1"

jws@^3.2.2:
  version "3.2.2"
  resolved "https://registry.yarnpkg.com/jws/-/jws-3.2.2.tgz#001099f3639468c9414000e99995fa52fb478304"
  integrity sha512-YHlZCB6lMTllWDtSPHz/ZXTsi8S00usEV6v1tjq8tOUZzw7DpSDWVXjXDre6ed1w/pd495ODpHZYSdkRTsa0HA==
  dependencies:
    jwa "^1.4.1"
    safe-buffer "^5.0.1"

lodash.includes@^4.3.0:
  version "4.3.0"
  resolved "https://registry.yarnpkg.com/lodash.includes/-/lodash.includes-4.3.0.tgz#60bb98a87cb923c68ca1e51325483314849f553f"
  integrity sha512-W3Bx6mdkRTGtlJISOvVD/lbqjTlPPUDTMnlXZFnVwi9NKJ6tiAk6LVdlhZMm17VZisqhKcgzpO5Wz91PCt5b0w==

lodash.isboolean@^3.0.3:
  version "3.0.3"
  resolved "https://registry.yarnpkg.com/lodash.isboolean/-/lodash.isboolean-3.0.3.tgz#6c2e171db2a257cd96802fd43b01b20d5f5870f6"
  integrity sha512-Bz5mupy2SVbPHURB98VAcw+aHh4vRV5IPNhILUCsOzRmsTmSQ17jIuqopAentWoehktxGd9e/hbIXq980/1QJg==

lodash.isinteger@^4.0.4:
  version "4.0.4"
  resolved "https://registry.yarnpkg.com/lodash.isinteger/-/lodash.isinteger-4.0.4.tgz#619c0af3d03f8b04c31f5882840b77b11cd68343"
  integrity sha512-DBwtEWN2caHQ9/imiNeEA5ys1JoRtRfY3d7V9wkqtbycnAmTvRRmbHKDV4a0EYc678/dia0jrte4tjYwVBaZUA==

lodash.isnumber@^3.0.3:
  version "3.0.3"
  resolved "https://registry.yarnpkg.com/lodash.isnumber/-/lodash.isnumber-3.0.3.tgz#3ce76810c5928d03352301ac287317f11c0b1ffc"
  integrity sha512-QYqzpfwO3/CWf3XP+Z+tkQsfaLL/EnUlXWVkIk5FUPc4sBdTehEqZONuyRt2P67PXAk+NXmTBcc97zw9t1FQrw==

lodash.isplainobject@^4.0.6:
  version "4.0.6"
  resolved "https://registry.yarnpkg.com/lodash.isplainobject/-/lodash.isplainobject-4.0.6.tgz#7c526a52d89b45c45cc690b88163be0497f550cb"
  integrity sha512-oSXzaWypCMHkPC3NvBEaPHf0KsA5mvPrOPgQWDsbg8n7orZ290M0BmC/jgRZ4vcJ6DTAhjrsSYgdsW/F+MFOBA==

lodash.isstring@^4.0.1:
  version "4.0.1"
  resolved "https://registry.yarnpkg.com/lodash.isstring/-/lodash.isstring-4.0.1.tgz#d527dfb5456eca7cc9bb95d5daeaf88ba54a5451"
  integrity sha512-0wJxfxH1wgO3GrbuP+dTTk7op+6L41QCXbGINEmD+ny/G/eCqGzxyCsh7159S+mgDDcoarnBw6PC1PS5+wUGgw==

lodash.once@^4.0.0:
  version "4.1.1"
  resolved "https://registry.yarnpkg.com/lodash.once/-/lodash.once-4.1.1.tgz#0dd3971213c7c56df880977d504c88fb471a97ac"
  integrity sha512-Sb487aTOCr9drQVL8pIxOzVhafOjZN9UU54hiN8PU3uAiSV7lx1yYNpbNmex2PK6dSJoNTSJUUswT651yww3Mg==

long@^4.0.0:
  version "4.0.0"
  resolved "https://registry.yarnpkg.com/long/-/long-4.0.0.tgz#9a7b71cfb7d361a194ea555241c92f7468d5bf28"
  integrity sha512-XsP+KhQif4bjX1kbuSiySJFNAehNxgLb6hPRGJ9QsUr8ajHkuXGdrHmFUTUUXhDwVX2R5bY4JNZEwbUiMhV+MA==

lru_map@^0.3.3:
  version "0.3.3"
  resolved "https://registry.yarnpkg.com/lru_map/-/lru_map-0.3.3.tgz#b5c8351b9464cbd750335a79650a0ec0e56118dd"
  integrity sha512-Pn9cox5CsMYngeDbmChANltQl+5pi6XmTrraMSzhPmMBbmgcxmqWry0U3PGapCU1yB4/LqCcom7qhHZiF/jGfQ==

ms@2.1.2:
  version "2.1.2"
  resolved "https://registry.yarnpkg.com/ms/-/ms-2.1.2.tgz#d09d1f357b443f493382a8eb3ccd183872ae6009"
  integrity sha512-sGkPx+VjMtmA6MX27oA4FBFELFCZZ4S4XqeGOXCv68tT+jb3vk/RyaKWP0PTKyWtmLSM0b+adUTEvbs1PEaH2w==

ms@^2.1.1:
  version "2.1.3"
  resolved "https://registry.yarnpkg.com/ms/-/ms-2.1.3.tgz#574c8138ce1d2b5861f0b44579dbadd60c6615b2"
  integrity sha512-6FlzubTLZG3J2a/NVCAleEhjzq5oxgHyaCU9yYXvcLsvoVaHJq/s5xXI6/XXP6tz7R9xAOtHnSO/tXtF3WRTlA==

protobufjs@^6.11.2:
  version "6.11.3"
  resolved "https://registry.yarnpkg.com/protobufjs/-/protobufjs-6.11.3.tgz#637a527205a35caa4f3e2a9a4a13ddffe0e7af74"
  integrity sha512-xL96WDdCZYdU7Slin569tFX712BxsxslWwAfAhCYjQKGTq7dAU91Lomy6nLLhh/dyGhk/YH4TwTSRxTzhuHyZg==
  dependencies:
    "@protobufjs/aspromise" "^1.1.2"
    "@protobufjs/base64" "^1.1.2"
    "@protobufjs/codegen" "^2.0.4"
    "@protobufjs/eventemitter" "^1.1.0"
    "@protobufjs/fetch" "^1.1.0"
    "@protobufjs/float" "^1.0.2"
    "@protobufjs/inquire" "^1.1.0"
    "@protobufjs/path" "^1.1.2"
    "@protobufjs/pool" "^1.1.0"
    "@protobufjs/utf8" "^1.1.0"
    "@types/long" "^4.0.1"
    "@types/node" ">=13.7.0"
    long "^4.0.0"

redis-commands@^1.7.0:
  version "1.7.0"
  resolved "https://registry.yarnpkg.com/redis-commands/-/redis-commands-1.7.0.tgz#15a6fea2d58281e27b1cd1acfb4b293e278c3a89"
  integrity sha512-nJWqw3bTFy21hX/CPKHth6sfhZbdiHP6bTawSgQBlKOVRG7EZkfHbbHwQJnrE4vsQf0CMNE+3gJ4Fmm16vdVlQ==

redis-errors@^1.0.0, redis-errors@^1.2.0:
  version "1.2.0"
  resolved "https://registry.yarnpkg.com/redis-errors/-/redis-errors-1.2.0.tgz#eb62d2adb15e4eaf4610c04afe1529384250abad"
  integrity sha512-1qny3OExCf0UvUV/5wpYKf2YwPcOqXzkwKKSmKHiE6ZMQs5heeE/c8eXK+PNllPvmjgAbfnsbpkGZWy8cBpn9w==

redis-parser@^3.0.0:
  version "3.0.0"
  resolved "https://registry.yarnpkg.com/redis-parser/-/redis-parser-3.0.0.tgz#b66d828cdcafe6b4b8a428a7def4c6bcac31c8b4"
  integrity sha512-DJnGAeenTdpMEH6uAJRK/uiyEIH9WVsUmoLwzudwGJUwZPp80PDBWPHXSAGNPwNvIXAbe7MSUB1zQFugFml66A==
  dependencies:
    redis-errors "^1.0.0"

redis@^3.1.2:
  version "3.1.2"
  resolved "https://registry.yarnpkg.com/redis/-/redis-3.1.2.tgz#766851117e80653d23e0ed536254677ab647638c"
  integrity sha512-grn5KoZLr/qrRQVwoSkmzdbw6pwF+/rwODtrOr6vuBRiR/f3rjSTGupbF90Zpqm2oenix8Do6RV7pYEkGwlKkw==
  dependencies:
    denque "^1.5.0"
    redis-commands "^1.7.0"
    redis-errors "^1.2.0"
    redis-parser "^3.0.0"

safe-buffer@^5.0.1:
  version "5.2.1"
  resolved "https://registry.yarnpkg.com/safe-buffer/-/safe-buffer-5.2.1.tgz#1eaf9fa9bdb1fdd4ec75f58f9cdb4e6b7827eec6"
  integrity sha512-rp3So07KcdmmKbGvgaNxQSJr7bGVSVk5S9Eq1F+ppbRo70+YeaDxkw5Dd8NPN+GD6bjnYm2VuPuCXmpuYvmCXQ==

semver@^5.6.0:
  version "5.7.1"
  resolved "https://registry.yarnpkg.com/semver/-/semver-5.7.1.tgz#a954f931aeba508d307bbf069eff0c01c96116f7"
  integrity sha512-sauaDf/PZdVgrLTNYHRtpXa1iRiKcaebiKQ1BJdpQlWH2lCvexQdX55snPFyK7QzpudqbCI0qXFfOasHdyNDGQ==

tslib@^1.9.3:
  version "1.14.1"
  resolved "https://registry.yarnpkg.com/tslib/-/tslib-1.14.1.tgz#cf2d38bdc34a134bcaf1091c41f6619e2f672d00"
  integrity sha512-Xni35NKzjgMrwevysHTCArtLDpPvye8zV/0E4EyYn43P7/7qvQwPh9BGkHewbMulVntbigmcT7rdX3BNo9wRJg==

uWebSockets.js@uNetworking/uWebSockets.js#v20.10.0:
  version "20.10.0"
  resolved "https://codeload.github.com/uNetworking/uWebSockets.js/tar.gz/806df48c9da86af7b3341f3e443388c7cd15c3de"
